<Solution>
  <Folder Name="/src/">
    <Project Path="src/Windrose.StateWeb.Core/Windrose.StateWeb.Core.csproj" />
    <Project Path="src/Windrose.StateWeb/Windrose.StateWeb.csproj" />
  </Folder>
  <Folder Name="/tests/">
    <Project Path="tests/Windrose.StateWeb.Tests/Windrose.StateWeb.Tests.csproj" />
  </Folder>
</Solution>
